
Microsoft Visual Studio Solution File, Format Version 12.00
# Visual Studio Version 16
VisualStudioVersion = 16.0.29424.173
MinimumVisualStudioVersion = 10.0.40219.1
Project("{FAE04EC0-301F-11D3-BF4B-00C04F79EFBC}") = "textBox5", "textBox5\textBox5.csproj", "{59803BA9-A61B-4895-91D7-E45E31299582}"
EndProject
Global
	GlobalSection(SolutionConfigurationPlatforms) = preSolution
		Debug|Any CPU = Debug|Any CPU
		Release|Any CPU = Release|Any CPU
	EndGlobalSection
	GlobalSection(ProjectConfigurationPlatforms) = postSolution
		{59803BA9-A61B-4895-91D7-E45E31299582}.Debug|Any CPU.ActiveCfg = Debug|Any CPU
		{59803BA9-A61B-4895-91D7-E45E31299582}.Debug|Any CPU.Build.0 = Debug|Any CPU
		{59803BA9-A61B-4895-91D7-E45E31299582}.Release|Any CPU.ActiveCfg = Release|Any CPU
		{59803BA9-A61B-4895-91D7-E45E31299582}.Release|Any CPU.Build.0 = Release|Any CPU
	EndGlobalSection
	GlobalSection(SolutionProperties) = preSolution
		HideSolutionNode = FALSE
	EndGlobalSection
	GlobalSection(ExtensibilityGlobals) = postSolution
		SolutionGuid = {FB003A63-8860-4734-BCA3-8E3F605FFEAE}
	EndGlobalSection
EndGlobal
